
Microsoft Visual Studio Solution File, Format Version 12.00
Project("{39D756A8-C993-4755-952C-A47BBDE6E65E}") = "COM3D2.Example.Plugin", "COM3D2.Example.Plugin\COM3D2.Example.Plugin.csproj", "{DCF3878F-FC49-495E-9F74-77DFF16BD0C9}"
EndProject
Global
	GlobalSection(SolutionConfigurationPlatforms) = preSolution
		COM3D2-Debug|Any CPU = COM3D2-Debug|Any CPU
		COM3D2-Release|Any CPU = COM3D2-Release|Any CPU
		COM3D25_UNITY_2022-Debug|Any CPU = COM3D25_UNITY_2022-Debug|Any CPU
		COM3D25_UNITY_2022-Release|Any CPU = COM3D25_UNITY_2022-Release|Any CPU
	EndGlobalSection
	GlobalSection(ProjectConfigurationPlatforms) = postSolution
		{DCF3878F-FC49-495E-9F74-77DFF16BD0C9}.COM3D2-Debug|Any CPU.ActiveCfg = COM3D2-Debug|Any CPU
		{DCF3878F-FC49-495E-9F74-77DFF16BD0C9}.COM3D2-Debug|Any CPU.Build.0 = COM3D2-Debug|Any CPU
		{DCF3878F-FC49-495E-9F74-77DFF16BD0C9}.COM3D2-Release|Any CPU.ActiveCfg = COM3D2-Release|Any CPU
		{DCF3878F-FC49-495E-9F74-77DFF16BD0C9}.COM3D2-Release|Any CPU.Build.0 = COM3D2-Release|Any CPU
		{DCF3878F-FC49-495E-9F74-77DFF16BD0C9}.COM3D25_UNITY_2022-Debug|Any CPU.ActiveCfg = COM3D25_UNITY_2022-Debug|Any CPU
		{DCF3878F-FC49-495E-9F74-77DFF16BD0C9}.COM3D25_UNITY_2022-Debug|Any CPU.Build.0 = COM3D25_UNITY_2022-Debug|Any CPU
		{DCF3878F-FC49-495E-9F74-77DFF16BD0C9}.COM3D25_UNITY_2022-Release|Any CPU.ActiveCfg = COM3D25_UNITY_2022-Release|Any CPU
		{DCF3878F-FC49-495E-9F74-77DFF16BD0C9}.COM3D25_UNITY_2022-Release|Any CPU.Build.0 = COM3D25_UNITY_2022-Release|Any CPU
	EndGlobalSection
EndGlobal
